
Microsoft Visual Studio Solution File, Format Version 12.00
Project("{FAE04EC0-301F-11D3-BF4B-00C04F79EFBC}") = "WebService", "WebService\WebService.csproj", "{6F2A62D4-2D41-44B3-A98C-63E3F940283E}"
EndProject
Global
	GlobalSection(SolutionConfigurationPlatforms) = preSolution
		Debug|Any CPU = Debug|Any CPU
		Release|Any CPU = Release|Any CPU
	EndGlobalSection
	GlobalSection(ProjectConfigurationPlatforms) = postSolution
		{6F2A62D4-2D41-44B3-A98C-63E3F940283E}.Debug|Any CPU.ActiveCfg = Debug|Any CPU
		{6F2A62D4-2D41-44B3-A98C-63E3F940283E}.Debug|Any CPU.Build.0 = Debug|Any CPU
		{6F2A62D4-2D41-44B3-A98C-63E3F940283E}.Release|Any CPU.ActiveCfg = Release|Any CPU
		{6F2A62D4-2D41-44B3-A98C-63E3F940283E}.Release|Any CPU.Build.0 = Release|Any CPU
	EndGlobalSection
EndGlobal
